
Microsoft Visual Studio Solution File, Format Version 12.00
# Visual Studio Version 16
VisualStudioVersion = 25.0.1703.0
MinimumVisualStudioVersion = 10.0.40219.1
Project("{FAE04EC0-301F-11D3-BF4B-00C04F79EFBC}") = "ShoppingList", "ShoppingList.csproj", "{5A2DC00A-2C60-480E-B5F4-5EA8920B0BF4}"
EndProject
Global
	GlobalSection(SolutionConfigurationPlatforms) = preSolution
		Debug|Any CPU = Debug|Any CPU
		Release|Any CPU = Release|Any CPU
	EndGlobalSection
	GlobalSection(ProjectConfigurationPlatforms) = postSolution
		{5A2DC00A-2C60-480E-B5F4-5EA8920B0BF4}.Debug|Any CPU.ActiveCfg = Debug|Any CPU
		{5A2DC00A-2C60-480E-B5F4-5EA8920B0BF4}.Debug|Any CPU.Build.0 = Debug|Any CPU
		{5A2DC00A-2C60-480E-B5F4-5EA8920B0BF4}.Release|Any CPU.ActiveCfg = Release|Any CPU
		{5A2DC00A-2C60-480E-B5F4-5EA8920B0BF4}.Release|Any CPU.Build.0 = Release|Any CPU
	EndGlobalSection
	GlobalSection(SolutionProperties) = preSolution
		HideSolutionNode = FALSE
	EndGlobalSection
	GlobalSection(ExtensibilityGlobals) = postSolution
		SolutionGuid = {62AE417F-6627-4D35-BC1A-B52E88DD76D7}
	EndGlobalSection
EndGlobal
